{
  "name": "crx-log",
  "version": "1.0.0",
  "lockfileVersion": 1,
  "requires": true,
  "dependencies": {
    "@types/chrome": {
      "version": "0.0.91",
      "resolved": "https://registry.npm.taobao.org/@types/chrome/download/@types/chrome-0.0.91.tgz",
      "integrity": "sha1-SzmW9V80QFfmpnfINmqpgIDG44A=",
      "requires": {
        "@types/filesystem": "*"
      }
    },
    "@types/filesystem": {
      "version": "0.0.29",
      "resolved": "https://registry.npm.taobao.org/@types/filesystem/download/@types/filesystem-0.0.29.tgz",
      "integrity": "sha1-7jdI61vhQNz5gMO9NfEa7F96N0g=",
      "requires": {
        "@types/filewriter": "*"
      }
    },
    "@types/filewriter": {
      "version": "0.0.28",
      "resolved": "https://registry.npm.taobao.org/@types/filewriter/download/@types/filewriter-0.0.28.tgz",
      "integrity": "sha1-wFTor02d11205jq8dviFFocU1LM="
    }
  }
}
